
Microsoft Visual Studio Solution File, Format Version 12.00
# Visual Studio Version 16
VisualStudioVersion = 16.0.31624.102
MinimumVisualStudioVersion = 10.0.40219.1
Project("{FAE04EC0-301F-11D3-BF4B-00C04F79EFBC}") = "Chess", "Chess\Chess.csproj", "{BEE09C44-52CA-420D-AF82-CA06C119A3D2}"
EndProject
Global
	GlobalSection(SolutionConfigurationPlatforms) = preSolution
		Debug|Any CPU = Debug|Any CPU
		Release|Any CPU = Release|Any CPU
	EndGlobalSection
	GlobalSection(ProjectConfigurationPlatforms) = postSolution
		{BEE09C44-52CA-420D-AF82-CA06C119A3D2}.Debug|Any CPU.ActiveCfg = Debug|Any CPU
		{BEE09C44-52CA-420D-AF82-CA06C119A3D2}.Debug|Any CPU.Build.0 = Debug|Any CPU
		{BEE09C44-52CA-420D-AF82-CA06C119A3D2}.Release|Any CPU.ActiveCfg = Release|Any CPU
		{BEE09C44-52CA-420D-AF82-CA06C119A3D2}.Release|Any CPU.Build.0 = Release|Any CPU
	EndGlobalSection
	GlobalSection(SolutionProperties) = preSolution
		HideSolutionNode = FALSE
	EndGlobalSection
	GlobalSection(ExtensibilityGlobals) = postSolution
		SolutionGuid = {9EACB967-9862-40D2-A9F2-0B46F26D9ACF}
	EndGlobalSection
EndGlobal
